// !$*UTF8*$!
{
	archiveVersion = 1;
	classes = {
	};
	objectVersion = 55;
	objects = {

/* Begin PBXBuildFile section */
		9F2F8AE427BE962F00CC2057 /* AspectVGrid.swift in Sources */ = {isa = PBXBuildFile; fileRef = 9F2F8AE327BE962F00CC2057 /* AspectVGrid.swift */; };
		9F7B9D1C27BCB59900FE32E3 /* SetApp.swift in Sources */ = {isa = PBXBuildFile; fileRef = 9F7B9D1B27BCB59900FE32E3 /* SetApp.swift */; };
		9F7B9D1E27BCB59900FE32E3 /* ContentView.swift in Sources */ = {isa = PBXBuildFile; fileRef = 9F7B9D1D27BCB59900FE32E3 /* ContentView.swift */; };
		9F7B9D2027BCB59A00FE32E3 /* Assets.xcassets in Resources */ = {isa = PBXBuildFile; fileRef = 9F7B9D1F27BCB59A00FE32E3 /* Assets.xcassets */; };
		9F7B9D2327BCB59A00FE32E3 /* Preview Assets.xcassets in Resources */ = {isa = PBXBuildFile; fileRef = 9F7B9D2227BCB59A00FE32E3 /* Preview Assets.xcassets */; };
		9F7B9D2A27BCB5EF00FE32E3 /* SetGame.swift in Sources */ = {isa = PBXBuildFile; fileRef = 9F7B9D2927BCB5EF00FE32E3 /* SetGame.swift */; };
		9F7B9D2C27BCBC0100FE32E3 /* ShapeSetGame.swift in Sources */ = {isa = PBXBuildFile; fileRef = 9F7B9D2B27BCBC0100FE32E3 /* ShapeSetGame.swift */; };
		9F7B9D2E27BCCEE800FE32E3 /* ShapeSetCardStyle.swift in Sources */ = {isa = PBXBuildFile; fileRef = 9F7B9D2D27BCCEE800FE32E3 /* ShapeSetCardStyle.swift */; };
		9F7B9D3027BCD78F00FE32E3 /* CardView.swift in Sources */ = {isa = PBXBuildFile; fileRef = 9F7B9D2F27BCD78F00FE32E3 /* CardView.swift */; };
		9F7B9D3227BCE15D00FE32E3 /* Diamond.swift in Sources */ = {isa = PBXBuildFile; fileRef = 9F7B9D3127BCE15D00FE32E3 /* Diamond.swift */; };
/* End PBXBuildFile section */

/* Begin PBXFileReference section */
		9F2F8AE327BE962F00CC2057 /* AspectVGrid.swift */ = {isa = PBXFileReference; lastKnownFileType = sourcecode.swift; path = AspectVGrid.swift; sourceTree = "<group>"; };
		9F7B9D1827BCB59900FE32E3 /* Set.app */ = {isa = PBXFileReference; explicitFileType = wrapper.application; includeInIndex = 0; path = Set.app; sourceTree = BUILT_PRODUCTS_DIR; };
		9F7B9D1B27BCB59900FE32E3 /* SetApp.swift */ = {isa = PBXFileReference; lastKnownFileType = sourcecode.swift; path = SetApp.swift; sourceTree = "<group>"; };
		9F7B9D1D27BCB59900FE32E3 /* ContentView.swift */ = {isa = PBXFileReference; lastKnownFileType = sourcecode.swift; path = ContentView.swift; sourceTree = "<group>"; };
		9F7B9D1F27BCB59A00FE32E3 /* Assets.xcassets */ = {isa = PBXFileReference; lastKnownFileType = folder.assetcatalog; path = Assets.xcassets; sourceTree = "<group>"; };
		9F7B9D2227BCB59A00FE32E3 /* Preview Assets.xcassets */ = {isa = PBXFileReference; lastKnownFileType = folder.assetcatalog; path = "Preview Assets.xcassets"; sourceTree = "<group>"; };
		9F7B9D2927BCB5EF00FE32E3 /* SetGame.swift */ = {isa = PBXFileReference; lastKnownFileType = sourcecode.swift; path = SetGame.swift; sourceTree = "<group>"; };
		9F7B9D2B27BCBC0100FE32E3 /* ShapeSetGame.swift */ = {isa = PBXFileReference; lastKnownFileType = sourcecode.swift; path = ShapeSetGame.swift; sourceTree = "<group>"; };
		9F7B9D2D27BCCEE800FE32E3 /* ShapeSetCardStyle.swift */ = {isa = PBXFileReference; lastKnownFileType = sourcecode.swift; path = ShapeSetCardStyle.swift; sourceTree = "<group>"; };
		9F7B9D2F27BCD78F00FE32E3 /* CardView.swift */ = {isa = PBXFileReference; lastKnownFileType = sourcecode.swift; path = CardView.swift; sourceTree = "<group>"; };
		9F7B9D3127BCE15D00FE32E3 /* Diamond.swift */ = {isa = PBXFileReference; lastKnownFileType = sourcecode.swift; path = Diamond.swift; sourceTree = "<group>"; };
/* End PBXFileReference section */

/* Begin PBXFrameworksBuildPhase section */
		9F7B9D1527BCB59900FE32E3 /* Frameworks */ = {
			isa = PBXFrameworksBuildPhase;
			buildActionMask = 2147483647;
			files = (
			);
			runOnlyForDeploymentPostprocessing = 0;
		};
/* End PBXFrameworksBuildPhase section */

/* Begin PBXGroup section */
		9F7B9D0F27BCB59900FE32E3 = {
			isa = PBXGroup;
			children = (
				9F7B9D1A27BCB59900FE32E3 /* Set */,
				9F7B9D1927BCB59900FE32E3 /* Products */,
			);
			sourceTree = "<group>";
		};
		9F7B9D1927BCB59900FE32E3 /* Products */ = {
			isa = PBXGroup;
			children = (
				9F7B9D1827BCB59900FE32E3 /* Set.app */,
			);
			name = Products;
			sourceTree = "<group>";
		};
		9F7B9D1A27BCB59900FE32E3 /* Set */ = {
			isa = PBXGroup;
			children = (
				9F82673B27BE8F28004CD395 /* Views */,
				9F82673A27BE8F06004CD395 /* ViewModel */,
				9F82673927BE8EED004CD395 /* Model */,
				9F82673827BE8EDD004CD395 /* Shapes */,
				9F7B9D1B27BCB59900FE32E3 /* SetApp.swift */,
				9F7B9D1F27BCB59A00FE32E3 /* Assets.xcassets */,
				9F7B9D2127BCB59A00FE32E3 /* Preview Content */,
			);
			path = Set;
			sourceTree = "<group>";
		};
		9F7B9D2127BCB59A00FE32E3 /* Preview Content */ = {
			isa = PBXGroup;
			children = (
				9F7B9D2227BCB59A00FE32E3 /* Preview Assets.xcassets */,
			);
			path = "Preview Content";
			sourceTree = "<group>";
		};
		9F82673827BE8EDD004CD395 /* Shapes */ = {
			isa = PBXGroup;
			children = (
				9F7B9D3127BCE15D00FE32E3 /* Diamond.swift */,
			);
			path = Shapes;
			sourceTree = "<group>";
		};
		9F82673927BE8EED004CD395 /* Model */ = {
			isa = PBXGroup;
			children = (
				9F7B9D2927BCB5EF00FE32E3 /* SetGame.swift */,
			);
			path = Model;
			sourceTree = "<group>";
		};
		9F82673A27BE8F06004CD395 /* ViewModel */ = {
			isa = PBXGroup;
			children = (
				9F7B9D2D27BCCEE800FE32E3 /* ShapeSetCardStyle.swift */,
				9F7B9D2B27BCBC0100FE32E3 /* ShapeSetGame.swift */,
			);
			path = ViewModel;
			sourceTree = "<group>";
		};
		9F82673B27BE8F28004CD395 /* Views */ = {
			isa = PBXGroup;
			children = (
				9F7B9D2F27BCD78F00FE32E3 /* CardView.swift */,
				9F7B9D1D27BCB59900FE32E3 /* ContentView.swift */,
				9F2F8AE327BE962F00CC2057 /* AspectVGrid.swift */,
			);
			path = Views;
			sourceTree = "<group>";
		};
/* End PBXGroup section */

/* Begin PBXNativeTarget section */
		9F7B9D1727BCB59900FE32E3 /* Set */ = {
			isa = PBXNativeTarget;
			buildConfigurationList = 9F7B9D2627BCB59A00FE32E3 /* Build configuration list for PBXNativeTarget "Set" */;
			buildPhases = (
				9F7B9D1427BCB59900FE32E3 /* Sources */,
				9F7B9D1527BCB59900FE32E3 /* Frameworks */,
				9F7B9D1627BCB59900FE32E3 /* Resources */,
			);
			buildRules = (
			);
			dependencies = (
			);
			name = Set;
			productName = Set;
			productReference = 9F7B9D1827BCB59900FE32E3 /* Set.app */;
			productType = "com.apple.product-type.application";
		};
/* End PBXNativeTarget section */

/* Begin PBXProject section */
		9F7B9D1027BCB59900FE32E3 /* Project object */ = {
			isa = PBXProject;
			attributes = {
				BuildIndependentTargetsInParallel = 1;
				LastSwiftUpdateCheck = 1320;
				LastUpgradeCheck = 1320;
				TargetAttributes = {
					9F7B9D1727BCB59900FE32E3 = {
						CreatedOnToolsVersion = 13.2.1;
					};
				};
			};
			buildConfigurationList = 9F7B9D1327BCB59900FE32E3 /* Build configuration list for PBXProject "Set" */;
			compatibilityVersion = "Xcode 13.0";
			developmentRegion = en;
			hasScannedForEncodings = 0;
			knownRegions = (
				en,
				Base,
			);
			mainGroup = 9F7B9D0F27BCB59900FE32E3;
			productRefGroup = 9F7B9D1927BCB59900FE32E3 /* Products */;
			projectDirPath = "";
			projectRoot = "";
			targets = (
				9F7B9D1727BCB59900FE32E3 /* Set */,
			);
		};
/* End PBXProject section */

/* Begin PBXResourcesBuildPhase section */
		9F7B9D1627BCB59900FE32E3 /* Resources */ = {
			isa = PBXResourcesBuildPhase;
			buildActionMask = 2147483647;
			files = (
				9F7B9D2327BCB59A00FE32E3 /* Preview Assets.xcassets in Resources */,
				9F7B9D2027BCB59A00FE32E3 /* Assets.xcassets in Resources */,
			);
			runOnlyForDeploymentPostprocessing = 0;
		};
/* End PBXResourcesBuildPhase section */

/* Begin PBXSourcesBuildPhase section */
		9F7B9D1427BCB59900FE32E3 /* Sources */ = {
			isa = PBXSourcesBuildPhase;
			buildActionMask = 2147483647;
			files = (
				9F2F8AE427BE962F00CC2057 /* AspectVGrid.swift in Sources */,
				9F7B9D2C27BCBC0100FE32E3 /* ShapeSetGame.swift in Sources */,
				9F7B9D1E27BCB59900FE32E3 /* ContentView.swift in Sources */,
				9F7B9D2A27BCB5EF00FE32E3 /* SetGame.swift in Sources */,
				9F7B9D3227BCE15D00FE32E3 /* Diamond.swift in Sources */,
				9F7B9D1C27BCB59900FE32E3 /* SetApp.swift in Sources */,
				9F7B9D3027BCD78F00FE32E3 /* CardView.swift in Sources */,
				9F7B9D2E27BCCEE800FE32E3 /* ShapeSetCardStyle.swift in Sources */,
			);
			runOnlyForDeploymentPostprocessing = 0;
		};
/* End PBXSourcesBuildPhase section */

/* Begin XCBuildConfiguration section */
		9F7B9D2427BCB59A00FE32E3 /* Debug */ = {
			isa = XCBuildConfiguration;
			buildSettings = {
				ALWAYS_SEARCH_USER_PATHS = NO;
				CLANG_ANALYZER_NONNULL = YES;
				CLANG_ANALYZER_NUMBER_OBJECT_CONVERSION = YES_AGGRESSIVE;
				CLANG_CXX_LANGUAGE_STANDARD = "gnu++17";
				CLANG_CXX_LIBRARY = "libc++";
				CLANG_ENABLE_MODULES = YES;
				CLANG_ENABLE_OBJC_ARC = YES;
				CLANG_ENABLE_OBJC_WEAK = YES;
				CLANG_WARN_BLOCK_CAPTURE_AUTORELEASING = YES;
				CLANG_WARN_BOOL_CONVERSION = YES;
				CLANG_WARN_COMMA = YES;
				CLANG_WARN_CONSTANT_CONVERSION = YES;
				CLANG_WARN_DEPRECATED_OBJC_IMPLEMENTATIONS = YES;
				CLANG_WARN_DIRECT_OBJC_ISA_USAGE = YES_ERROR;
				CLANG_WARN_DOCUMENTATION_COMMENTS = YES;
				CLANG_WARN_EMPTY_BODY = YES;
				CLANG_WARN_ENUM_CONVERSION = YES;
				CLANG_WARN_INFINITE_RECURSION = YES;
				CLANG_WARN_INT_CONVERSION = YES;
				CLANG_WARN_NON_LITERAL_NULL_CONVERSION = YES;
				CLANG_WARN_OBJC_IMPLICIT_RETAIN_SELF = YES;
				CLANG_WARN_OBJC_LITERAL_CONVERSION = YES;
				CLANG_WARN_OBJC_ROOT_CLASS = YES_ERROR;
				CLANG_WARN_QUOTED_INCLUDE_IN_FRAMEWORK_HEADER = YES;
				CLANG_WARN_RANGE_LOOP_ANALYSIS = YES;
				CLANG_WARN_STRICT_PROTOTYPES = YES;
				CLANG_WARN_SUSPICIOUS_MOVE = YES;
				CLANG_WARN_UNGUARDED_AVAILABILITY = YES_AGGRESSIVE;
				CLANG_WARN_UNREACHABLE_CODE = YES;
				CLANG_WARN__DUPLICATE_METHOD_MATCH = YES;
				COPY_PHASE_STRIP = NO;
				DEBUG_INFORMATION_FORMAT = dwarf;
				ENABLE_STRICT_OBJC_MSGSEND = YES;
				ENABLE_TESTABILITY = YES;
				GCC_C_LANGUAGE_STANDARD = gnu11;
				GCC_DYNAMIC_NO_PIC = NO;
				GCC_NO_COMMON_BLOCKS = YES;
				GCC_OPTIMIZATION_LEVEL = 0;
				GCC_PREPROCESSOR_DEFINITIONS = (
					"DEBUG=1",
					"$(inherited)",
				);
				GCC_WARN_64_TO_32_BIT_CONVERSION = YES;
				GCC_WARN_ABOUT_RETURN_TYPE = YES_ERROR;
				GCC_WARN_UNDECLARED_SELECTOR = YES;
				GCC_WARN_UNINITIALIZED_AUTOS = YES_AGGRESSIVE;
				GCC_WARN_UNUSED_FUNCTION = YES;
				GCC_WARN_UNUSED_VARIABLE = YES;
				IPHONEOS_DEPLOYMENT_TARGET = 15.2;
				MTL_ENABLE_DEBUG_INFO = INCLUDE_SOURCE;
				MTL_FAST_MATH = YES;
				ONLY_ACTIVE_ARCH = YES;
				SDKROOT = iphoneos;
				SWIFT_ACTIVE_COMPILATION_CONDITIONS = DEBUG;
				SWIFT_OPTIMIZATION_LEVEL = "-Onone";
			};
			name = Debug;
		};
		9F7B9D2527BCB59A00FE32E3 /* Release */ = {
			isa = XCBuildConfiguration;
			buildSettings = {
				ALWAYS_SEARCH_USER_PATHS = NO;
				CLANG_ANALYZER_NONNULL = YES;
				CLANG_ANALYZER_NUMBER_OBJECT_CONVERSION = YES_AGGRESSIVE;
				CLANG_CXX_LANGUAGE_STANDARD = "gnu++17";
				CLANG_CXX_LIBRARY = "libc++";
				CLANG_ENABLE_MODULES = YES;
				CLANG_ENABLE_OBJC_ARC = YES;
				CLANG_ENABLE_OBJC_WEAK = YES;
				CLANG_WARN_BLOCK_CAPTURE_AUTORELEASING = YES;
				CLANG_WARN_BOOL_CONVERSION = YES;
				CLANG_WARN_COMMA = YES;
				CLANG_WARN_CONSTANT_CONVERSION = YES;
				CLANG_WARN_DEPRECATED_OBJC_IMPLEMENTATIONS = YES;
				CLANG_WARN_DIRECT_OBJC_ISA_USAGE = YES_ERROR;
				CLANG_WARN_DOCUMENTATION_COMMENTS = YES;
				CLANG_WARN_EMPTY_BODY = YES;
				CLANG_WARN_ENUM_CONVERSION = YES;
				CLANG_WARN_INFINITE_RECURSION = YES;
				CLANG_WARN_INT_CONVERSION = YES;
				CLANG_WARN_NON_LITERAL_NULL_CONVERSION = YES;
				CLANG_WARN_OBJC_IMPLICIT_RETAIN_SELF = YES;
				CLANG_WARN_OBJC_LITERAL_CONVERSION = YES;
				CLANG_WARN_OBJC_ROOT_CLASS = YES_ERROR;
				CLANG_WARN_QUOTED_INCLUDE_IN_FRAMEWORK_HEADER = YES;
				CLANG_WARN_RANGE_LOOP_ANALYSIS = YES;
				CLANG_WARN_STRICT_PROTOTYPES = YES;
				CLANG_WARN_SUSPICIOUS_MOVE = YES;
				CLANG_WARN_UNGUARDED_AVAILABILITY = YES_AGGRESSIVE;
				CLANG_WARN_UNREACHABLE_CODE = YES;
				CLANG_WARN__DUPLICATE_METHOD_MATCH = YES;
				COPY_PHASE_STRIP = NO;
				DEBUG_INFORMATION_FORMAT = "dwarf-with-dsym";
				ENABLE_NS_ASSERTIONS = NO;
				ENABLE_STRICT_OBJC_MSGSEND = YES;
				GCC_C_LANGUAGE_STANDARD = gnu11;
				GCC_NO_COMMON_BLOCKS = YES;
				GCC_WARN_64_TO_32_BIT_CONVERSION = YES;
				GCC_WARN_ABOUT_RETURN_TYPE = YES_ERROR;
				GCC_WARN_UNDECLARED_SELECTOR = YES;
				GCC_WARN_UNINITIALIZED_AUTOS = YES_AGGRESSIVE;
				GCC_WARN_UNUSED_FUNCTION = YES;
				GCC_WARN_UNUSED_VARIABLE = YES;
				IPHONEOS_DEPLOYMENT_TARGET = 15.2;
				MTL_ENABLE_DEBUG_INFO = NO;
				MTL_FAST_MATH = YES;
				SDKROOT = iphoneos;
				SWIFT_COMPILATION_MODE = wholemodule;
				SWIFT_OPTIMIZATION_LEVEL = "-O";
				VALIDATE_PRODUCT = YES;
			};
			name = Release;
		};
		9F7B9D2727BCB59A00FE32E3 /* Debug */ = {
			isa = XCBuildConfiguration;
			buildSettings = {
				ASSETCATALOG_COMPILER_APPICON_NAME = AppIcon;
				ASSETCATALOG_COMPILER_GLOBAL_ACCENT_COLOR_NAME = AccentColor;
				CODE_SIGN_STYLE = Automatic;
				CURRENT_PROJECT_VERSION = 1;
				DEVELOPMENT_ASSET_PATHS = "\"Set/Preview Content\"";
				ENABLE_PREVIEWS = YES;
				GENERATE_INFOPLIST_FILE = YES;
				INFOPLIST_KEY_UIApplicationSceneManifest_Generation = YES;
				INFOPLIST_KEY_UIApplicationSupportsIndirectInputEvents = YES;
				INFOPLIST_KEY_UILaunchScreen_Generation = YES;
				INFOPLIST_KEY_UISupportedInterfaceOrientations_iPad = "UIInterfaceOrientationPortrait UIInterfaceOrientationPortraitUpsideDown UIInterfaceOrientationLandscapeLeft UIInterfaceOrientationLandscapeRight";
				INFOPLIST_KEY_UISupportedInterfaceOrientations_iPhone = "UIInterfaceOrientationPortrait UIInterfaceOrientationLandscapeLeft UIInterfaceOrientationLandscapeRight";
				LD_RUNPATH_SEARCH_PATHS = (
					"$(inherited)",
					"@executable_path/Frameworks",
				);
				MARKETING_VERSION = 1.0;
				PRODUCT_BUNDLE_IDENTIFIER = me.nikhilhenry.Set;
				PRODUCT_NAME = "$(TARGET_NAME)";
				SWIFT_EMIT_LOC_STRINGS = YES;
				SWIFT_VERSION = 5.0;
				TARGETED_DEVICE_FAMILY = "1,2";
			};
			name = Debug;
		};
		9F7B9D2827BCB59A00FE32E3 /* Release */ = {
			isa = XCBuildConfiguration;
			buildSettings = {
				ASSETCATALOG_COMPILER_APPICON_NAME = AppIcon;
				ASSETCATALOG_COMPILER_GLOBAL_ACCENT_COLOR_NAME = AccentColor;
				CODE_SIGN_STYLE = Automatic;
				CURRENT_PROJECT_VERSION = 1;
				DEVELOPMENT_ASSET_PATHS = "\"Set/Preview Content\"";
				ENABLE_PREVIEWS = YES;
				GENERATE_INFOPLIST_FILE = YES;
				INFOPLIST_KEY_UIApplicationSceneManifest_Generation = YES;
				INFOPLIST_KEY_UIApplicationSupportsIndirectInputEvents = YES;
				INFOPLIST_KEY_UILaunchScreen_Generation = YES;
				INFOPLIST_KEY_UISupportedInterfaceOrientations_iPad = "UIInterfaceOrientationPortrait UIInterfaceOrientationPortraitUpsideDown UIInterfaceOrientationLandscapeLeft UIInterfaceOrientationLandscapeRight";
				INFOPLIST_KEY_UISupportedInterfaceOrientations_iPhone = "UIInterfaceOrientationPortrait UIInterfaceOrientationLandscapeLeft UIInterfaceOrientationLandscapeRight";
				LD_RUNPATH_SEARCH_PATHS = (
					"$(inherited)",
					"@executable_path/Frameworks",
				);
				MARKETING_VERSION = 1.0;
				PRODUCT_BUNDLE_IDENTIFIER = me.nikhilhenry.Set;
				PRODUCT_NAME = "$(TARGET_NAME)";
				SWIFT_EMIT_LOC_STRINGS = YES;
				SWIFT_VERSION = 5.0;
				TARGETED_DEVICE_FAMILY = "1,2";
			};
			name = Release;
		};
/* End XCBuildConfiguration section */

/* Begin XCConfigurationList section */
		9F7B9D1327BCB59900FE32E3 /* Build configuration list for PBXProject "Set" */ = {
			isa = XCConfigurationList;
			buildConfigurations = (
				9F7B9D2427BCB59A00FE32E3 /* Debug */,
				9F7B9D2527BCB59A00FE32E3 /* Release */,
			);
			defaultConfigurationIsVisible = 0;
			defaultConfigurationName = Release;
		};
		9F7B9D2627BCB59A00FE32E3 /* Build configuration list for PBXNativeTarget "Set" */ = {
			isa = XCConfigurationList;
			buildConfigurations = (
				9F7B9D2727BCB59A00FE32E3 /* Debug */,
				9F7B9D2827BCB59A00FE32E3 /* Release */,
			);
			defaultConfigurationIsVisible = 0;
			defaultConfigurationName = Release;
		};
/* End XCConfigurationList section */
	};
	rootObject = 9F7B9D1027BCB59900FE32E3 /* Project object */;
}
